
Microsoft Visual Studio Solution File, Format Version 12.00
# Visual Studio Version 17
VisualStudioVersion = 17.5.002.0
MinimumVisualStudioVersion = 10.0.40219.1
Project("{2150E333-8FDC-42A3-9474-1A3956D46DE8}") = "Prueba_2", "Prueba_2", "{531E6164-5277-4631-A981-DBC3DA4E1422}"
EndProject
Project("{9A19103F-16F7-4668-BE54-9A1E7A4F7556}") = "Test_2", "Prueba_2\Test_2\Test_2.csproj", "{B55C46F7-FE3F-4D0F-9E8D-2B5F822168AD}"
EndProject
Global
	GlobalSection(SolutionConfigurationPlatforms) = preSolution
		Debug|Any CPU = Debug|Any CPU
		Release|Any CPU = Release|Any CPU
	EndGlobalSection
	GlobalSection(ProjectConfigurationPlatforms) = postSolution
		{B55C46F7-FE3F-4D0F-9E8D-2B5F822168AD}.Debug|Any CPU.ActiveCfg = Debug|Any CPU
		{B55C46F7-FE3F-4D0F-9E8D-2B5F822168AD}.Debug|Any CPU.Build.0 = Debug|Any CPU
		{B55C46F7-FE3F-4D0F-9E8D-2B5F822168AD}.Release|Any CPU.ActiveCfg = Release|Any CPU
		{B55C46F7-FE3F-4D0F-9E8D-2B5F822168AD}.Release|Any CPU.Build.0 = Release|Any CPU
	EndGlobalSection
	GlobalSection(SolutionProperties) = preSolution
		HideSolutionNode = FALSE
	EndGlobalSection
	GlobalSection(NestedProjects) = preSolution
		{B55C46F7-FE3F-4D0F-9E8D-2B5F822168AD} = {531E6164-5277-4631-A981-DBC3DA4E1422}
	EndGlobalSection
	GlobalSection(ExtensibilityGlobals) = postSolution
		SolutionGuid = {0716A569-52A0-4103-B49A-3065A06DD39F}
	EndGlobalSection
EndGlobal
